<?xml version="1.0" encoding="utf-8"?>
<Project ToolsVersion="4.0" xmlns="http://schemas.microsoft.com/developer/msbuild/2003">
  <ItemGroup>
    <ClCompile Include="Source\Main.cpp">
      <Filter>Source</Filter>
    </ClCompile>
    <ClCompile Include="Source\BasicTests.cpp">
      <Filter>Source</Filter>
    </ClCompile>
    <ClCompile Include="Source\EdgeCaseTests.cpp">
      <Filter>Source</Filter>
    </ClCompile>
  </ItemGroup>
  <ItemGroup>
    <Filter Include="Source">
      <UniqueIdentifier>{8b00964b-6998-40d5-baf4-0d0245c5a8c9}</UniqueIdentifier>
    </Filter>
  </ItemGroup>
</Project>