<?xml version="1.0" encoding="utf-8"?>
<Project ToolsVersion="4.0" xmlns="http://schemas.microsoft.com/developer/msbuild/2003">
  <ItemGroup>
    <ClCompile Include="Source\Main.cpp">
      <Filter>Source</Filter>
    </ClCompile>
    <ClCompile Include="$(SolutionDir)Common\PrecompiledHeader.cpp">
      <Filter>Source</Filter>
    </ClCompile>
    <ClCompile Include="Source\BasicTests.cpp">
      <Filter>Source</Filter>
    </ClCompile>
    <ClCompile Include="Source\EdgeCaseTests.cpp">
      <Filter>Source</Filter>
    </ClCompile>
  </ItemGroup>
  <ItemGroup>
    <Filter Include="Source">
      <UniqueIdentifier>{8b00964b-6998-40d5-baf4-0d0245c5a8c9}</UniqueIdentifier>
    </Filter>
    <Filter Include="Common">
      <UniqueIdentifier>{16c62d93-28f9-4f80-9557-bc3c04f14273}</UniqueIdentifier>
    </Filter>
  </ItemGroup>
  <ItemGroup>
    <ClInclude Include="$(SolutionDir)Common\PrecompiledHeader.h">
      <Filter>Source</Filter>
    </ClInclude>
    <ClInclude Include="..\..\Common\HeapArray.h">
      <Filter>Common</Filter>
    </ClInclude>
    <ClInclude Include="..\..\Common\NonCopyable.h">
      <Filter>Common</Filter>
    </ClInclude>
    <ClInclude Include="..\..\Common\ReaderWriterLock.h">
      <Filter>Common</Filter>
    </ClInclude>
    <ClInclude Include="..\..\Common\WindowClassHolder.h">
      <Filter>Common</Filter>
    </ClInclude>
    <ClInclude Include="..\..\Common\CriticalSection.h">
      <Filter>Common</Filter>
    </ClInclude>
    <ClInclude Include="..\..\Common\Event.h">
      <Filter>Common</Filter>
    </ClInclude>
    <ClInclude Include="..\..\Common\HandleHolder.h">
      <Filter>Common</Filter>
    </ClInclude>
    <ClInclude Include="..\..\Common\StringUtils.h">
      <Filter>Common</Filter>
    </ClInclude>
  </ItemGroup>
</Project>