
Microsoft Visual Studio Solution File, Format Version 12.00
# Visual Studio Version 18
VisualStudioVersion = 18.3.11505.172
MinimumVisualStudioVersion = 10.0.40219.1
Project("{8BC9CEB8-8B4A-11D0-8D11-00A0C91BC942}") = "FileSystemSearch", "FileSystemSearch\FileSystemSearch.vcxproj", "{E3A9B0BE-0C6C-4091-BC9A-A641404C8723}"
	ProjectSection(ProjectDependencies) = postProject
		{42CB7641-3FF2-4973-B1BE-1AE94123FD10} = {42CB7641-3FF2-4973-B1BE-1AE94123FD10}
	EndProjectSection
EndProject
Project("{8BC9CEB8-8B4A-11D0-8D11-00A0C91BC942}") = "SearchEngine.Common", "SearchEngine\SearchEngine.Common.vcxitems", "{68D09F46-BF62-4CCF-A8B2-BB1E52A7E19E}"
EndProject
Project("{8BC9CEB8-8B4A-11D0-8D11-00A0C91BC942}") = "SearchEngine", "SearchEngine\SearchEngine.vcxproj", "{42CB7641-3FF2-4973-B1BE-1AE94123FD10}"
EndProject
Project("{2150E333-8FDC-42A3-9474-1A3956D46DE8}") = "Tests", "Tests", "{1F495C75-1A61-4487-8FB8-E5EE1E997DEF}"
EndProject
Project("{8BC9CEB8-8B4A-11D0-8D11-00A0C91BC942}") = "SearchEngine.Testing", "SearchEngine\SearchEngine.Testing.vcxproj", "{B8E829C3-6427-4E49-A42C-C1AA2C39504D}"
EndProject
Project("{8BC9CEB8-8B4A-11D0-8D11-00A0C91BC942}") = "FileSystemSearch.TestFramework", "Tests\TestFramework\FileSystemSearch.TestFramework.vcxproj", "{24A4C6C1-5047-4972-8D5F-38F10F92FF8B}"
EndProject
Project("{8BC9CEB8-8B4A-11D0-8D11-00A0C91BC942}") = "FileSystemSearch.FunctionalTests", "Tests\FunctionalTests\FileSystemSearch.FunctionalTests.vcxproj", "{675DB5E3-1A24-46DE-A645-B83368FB85AC}"
	ProjectSection(ProjectDependencies) = postProject
		{24A4C6C1-5047-4972-8D5F-38F10F92FF8B} = {24A4C6C1-5047-4972-8D5F-38F10F92FF8B}
		{B8E829C3-6427-4E49-A42C-C1AA2C39504D} = {B8E829C3-6427-4E49-A42C-C1AA2C39504D}
	EndProjectSection
EndProject
Project("{8BC9CEB8-8B4A-11D0-8D11-00A0C91BC942}") = "FileSystemSearch.PerformanceTests", "Tests\PerformanceTests\FileSystemSearch.PerformanceTests.vcxproj", "{DBBF5E74-CBAA-4CE5-B1B6-F02886E07A23}"
	ProjectSection(ProjectDependencies) = postProject
		{24A4C6C1-5047-4972-8D5F-38F10F92FF8B} = {24A4C6C1-5047-4972-8D5F-38F10F92FF8B}
		{B8E829C3-6427-4E49-A42C-C1AA2C39504D} = {B8E829C3-6427-4E49-A42C-C1AA2C39504D}
	EndProjectSection
EndProject
Global
	GlobalSection(SolutionConfigurationPlatforms) = preSolution
		Debug|Arm64 = Debug|Arm64
		Debug|x64 = Debug|x64
		Release|Arm64 = Release|Arm64
		Release|x64 = Release|x64
	EndGlobalSection
	GlobalSection(ProjectConfigurationPlatforms) = postSolution
		{E3A9B0BE-0C6C-4091-BC9A-A641404C8723}.Debug|Arm64.ActiveCfg = Debug|Arm64
		{E3A9B0BE-0C6C-4091-BC9A-A641404C8723}.Debug|Arm64.Build.0 = Debug|Arm64
		{E3A9B0BE-0C6C-4091-BC9A-A641404C8723}.Debug|x64.ActiveCfg = Debug|x64
		{E3A9B0BE-0C6C-4091-BC9A-A641404C8723}.Debug|x64.Build.0 = Debug|x64
		{E3A9B0BE-0C6C-4091-BC9A-A641404C8723}.Release|Arm64.ActiveCfg = Release|Arm64
		{E3A9B0BE-0C6C-4091-BC9A-A641404C8723}.Release|Arm64.Build.0 = Release|Arm64
		{E3A9B0BE-0C6C-4091-BC9A-A641404C8723}.Release|x64.ActiveCfg = Release|x64
		{E3A9B0BE-0C6C-4091-BC9A-A641404C8723}.Release|x64.Build.0 = Release|x64
		{42CB7641-3FF2-4973-B1BE-1AE94123FD10}.Debug|Arm64.ActiveCfg = Debug|Arm64
		{42CB7641-3FF2-4973-B1BE-1AE94123FD10}.Debug|Arm64.Build.0 = Debug|Arm64
		{42CB7641-3FF2-4973-B1BE-1AE94123FD10}.Debug|x64.ActiveCfg = Debug|x64
		{42CB7641-3FF2-4973-B1BE-1AE94123FD10}.Debug|x64.Build.0 = Debug|x64
		{42CB7641-3FF2-4973-B1BE-1AE94123FD10}.Release|Arm64.ActiveCfg = Release|Arm64
		{42CB7641-3FF2-4973-B1BE-1AE94123FD10}.Release|Arm64.Build.0 = Release|Arm64
		{42CB7641-3FF2-4973-B1BE-1AE94123FD10}.Release|x64.ActiveCfg = Release|x64
		{42CB7641-3FF2-4973-B1BE-1AE94123FD10}.Release|x64.Build.0 = Release|x64
		{B8E829C3-6427-4E49-A42C-C1AA2C39504D}.Debug|Arm64.ActiveCfg = Debug|Arm64
		{B8E829C3-6427-4E49-A42C-C1AA2C39504D}.Debug|Arm64.Build.0 = Debug|Arm64
		{B8E829C3-6427-4E49-A42C-C1AA2C39504D}.Debug|x64.ActiveCfg = Debug|x64
		{B8E829C3-6427-4E49-A42C-C1AA2C39504D}.Debug|x64.Build.0 = Debug|x64
		{B8E829C3-6427-4E49-A42C-C1AA2C39504D}.Release|Arm64.ActiveCfg = Release|Arm64
		{B8E829C3-6427-4E49-A42C-C1AA2C39504D}.Release|Arm64.Build.0 = Release|Arm64
		{B8E829C3-6427-4E49-A42C-C1AA2C39504D}.Release|x64.ActiveCfg = Release|x64
		{B8E829C3-6427-4E49-A42C-C1AA2C39504D}.Release|x64.Build.0 = Release|x64
		{24A4C6C1-5047-4972-8D5F-38F10F92FF8B}.Debug|Arm64.ActiveCfg = Debug|x64
		{24A4C6C1-5047-4972-8D5F-38F10F92FF8B}.Debug|Arm64.Build.0 = Debug|x64
		{24A4C6C1-5047-4972-8D5F-38F10F92FF8B}.Debug|x64.ActiveCfg = Debug|x64
		{24A4C6C1-5047-4972-8D5F-38F10F92FF8B}.Debug|x64.Build.0 = Debug|x64
		{24A4C6C1-5047-4972-8D5F-38F10F92FF8B}.Release|Arm64.ActiveCfg = Release|x64
		{24A4C6C1-5047-4972-8D5F-38F10F92FF8B}.Release|Arm64.Build.0 = Release|x64
		{24A4C6C1-5047-4972-8D5F-38F10F92FF8B}.Release|x64.ActiveCfg = Release|x64
		{24A4C6C1-5047-4972-8D5F-38F10F92FF8B}.Release|x64.Build.0 = Release|x64
		{675DB5E3-1A24-46DE-A645-B83368FB85AC}.Debug|Arm64.ActiveCfg = Debug|Arm64
		{675DB5E3-1A24-46DE-A645-B83368FB85AC}.Debug|Arm64.Build.0 = Debug|Arm64
		{675DB5E3-1A24-46DE-A645-B83368FB85AC}.Debug|x64.ActiveCfg = Debug|x64
		{675DB5E3-1A24-46DE-A645-B83368FB85AC}.Debug|x64.Build.0 = Debug|x64
		{675DB5E3-1A24-46DE-A645-B83368FB85AC}.Release|Arm64.ActiveCfg = Release|Arm64
		{675DB5E3-1A24-46DE-A645-B83368FB85AC}.Release|Arm64.Build.0 = Release|Arm64
		{675DB5E3-1A24-46DE-A645-B83368FB85AC}.Release|x64.ActiveCfg = Release|x64
		{675DB5E3-1A24-46DE-A645-B83368FB85AC}.Release|x64.Build.0 = Release|x64
		{DBBF5E74-CBAA-4CE5-B1B6-F02886E07A23}.Debug|Arm64.ActiveCfg = Debug|Arm64
		{DBBF5E74-CBAA-4CE5-B1B6-F02886E07A23}.Debug|Arm64.Build.0 = Debug|Arm64
		{DBBF5E74-CBAA-4CE5-B1B6-F02886E07A23}.Debug|x64.ActiveCfg = Debug|x64
		{DBBF5E74-CBAA-4CE5-B1B6-F02886E07A23}.Debug|x64.Build.0 = Debug|x64
		{DBBF5E74-CBAA-4CE5-B1B6-F02886E07A23}.Release|Arm64.ActiveCfg = Release|Arm64
		{DBBF5E74-CBAA-4CE5-B1B6-F02886E07A23}.Release|Arm64.Build.0 = Release|Arm64
		{DBBF5E74-CBAA-4CE5-B1B6-F02886E07A23}.Release|x64.ActiveCfg = Release|x64
		{DBBF5E74-CBAA-4CE5-B1B6-F02886E07A23}.Release|x64.Build.0 = Release|x64
	EndGlobalSection
	GlobalSection(SolutionProperties) = preSolution
		HideSolutionNode = FALSE
	EndGlobalSection
	GlobalSection(NestedProjects) = preSolution
		{B8E829C3-6427-4E49-A42C-C1AA2C39504D} = {1F495C75-1A61-4487-8FB8-E5EE1E997DEF}
		{24A4C6C1-5047-4972-8D5F-38F10F92FF8B} = {1F495C75-1A61-4487-8FB8-E5EE1E997DEF}
		{675DB5E3-1A24-46DE-A645-B83368FB85AC} = {1F495C75-1A61-4487-8FB8-E5EE1E997DEF}
		{DBBF5E74-CBAA-4CE5-B1B6-F02886E07A23} = {1F495C75-1A61-4487-8FB8-E5EE1E997DEF}
	EndGlobalSection
	GlobalSection(ExtensibilityGlobals) = postSolution
		SolutionGuid = {2F5518D0-93A3-4F65-8C2F-AA6EB83E939C}
	EndGlobalSection
	GlobalSection(SharedMSBuildProjectFiles) = preSolution
		SearchEngine\SearchEngine.Common.vcxitems*{42cb7641-3ff2-4973-b1be-1ae94123fd10}*SharedItemsImports = 4
		SearchEngine\SearchEngine.Common.vcxitems*{68d09f46-bf62-4ccf-a8b2-bb1e52a7e19e}*SharedItemsImports = 9
		SearchEngine\SearchEngine.Common.vcxitems*{b8e829c3-6427-4e49-a42c-c1aa2c39504d}*SharedItemsImports = 4
	EndGlobalSection
EndGlobal
