<?xml version="1.0" encoding="utf-8"?>
<Project ToolsVersion="4.0" xmlns="http://schemas.microsoft.com/developer/msbuild/2003">
  <ItemGroup>
    <ClCompile Include="Source\Main.cpp">
      <Filter>Source</Filter>
    </ClCompile>
    <ClCompile Include="$(SolutionDir)Common\PrecompiledHeader.cpp">
      <Filter>Source</Filter>
    </ClCompile>
    <ClCompile Include="..\Framework\TestList.cpp">
      <Filter>Framework</Filter>
    </ClCompile>
    <ClCompile Include="..\Framework\TestHelpers.cpp">
      <Filter>Framework</Filter>
    </ClCompile>
    <ClCompile Include="Source\FileNameAndPathSearchPerformanceTests.cpp">
      <Filter>Source</Filter>
    </ClCompile>
    <ClCompile Include="Source\FileContentSearchPerformanceTests.cpp">
      <Filter>Source</Filter>
    </ClCompile>
    <ClCompile Include="..\Framework\TestLogger.cpp">
      <Filter>Framework</Filter>
    </ClCompile>
    <ClCompile Include="Source\PerformanceTest.cpp">
      <Filter>Source</Filter>
    </ClCompile>
    <ClCompile Include="..\Framework\Utilities\FileUtilities.cpp">
      <Filter>Framework\Utilities</Filter>
    </ClCompile>
  </ItemGroup>
  <ItemGroup>
    <Filter Include="Source">
      <UniqueIdentifier>{8b00964b-6998-40d5-baf4-0d0245c5a8c9}</UniqueIdentifier>
    </Filter>
    <Filter Include="Framework">
      <UniqueIdentifier>{0babaf7c-30e6-4fa9-a996-be1cfd93dfe3}</UniqueIdentifier>
    </Filter>
    <Filter Include="Common">
      <UniqueIdentifier>{16c62d93-28f9-4f80-9557-bc3c04f14273}</UniqueIdentifier>
    </Filter>
    <Filter Include="Framework\Utilities">
      <UniqueIdentifier>{fd78a8cc-a156-48eb-b0d7-7d58894b6399}</UniqueIdentifier>
    </Filter>
  </ItemGroup>
  <ItemGroup>
    <ClInclude Include="$(SolutionDir)Common\PrecompiledHeader.h">
      <Filter>Source</Filter>
    </ClInclude>
    <ClInclude Include="..\Framework\TestMacros.h">
      <Filter>Framework</Filter>
    </ClInclude>
    <ClInclude Include="..\Framework\TestList.h">
      <Filter>Framework</Filter>
    </ClInclude>
    <ClInclude Include="..\..\Common\HeapArray.h">
      <Filter>Common</Filter>
    </ClInclude>
    <ClInclude Include="..\..\Common\NonCopyable.h">
      <Filter>Common</Filter>
    </ClInclude>
    <ClInclude Include="..\..\Common\ReaderWriterLock.h">
      <Filter>Common</Filter>
    </ClInclude>
    <ClInclude Include="..\..\Common\WindowClassHolder.h">
      <Filter>Common</Filter>
    </ClInclude>
    <ClInclude Include="..\..\Common\CriticalSection.h">
      <Filter>Common</Filter>
    </ClInclude>
    <ClInclude Include="..\..\Common\Event.h">
      <Filter>Common</Filter>
    </ClInclude>
    <ClInclude Include="..\..\Common\HandleHolder.h">
      <Filter>Common</Filter>
    </ClInclude>
    <ClInclude Include="..\Framework\TestHelpers.h">
      <Filter>Framework</Filter>
    </ClInclude>
    <ClInclude Include="..\..\Common\StringUtils.h">
      <Filter>Common</Filter>
    </ClInclude>
    <ClInclude Include="..\Framework\Utilities\CompileTimeString.h">
      <Filter>Framework\Utilities</Filter>
    </ClInclude>
    <ClInclude Include="..\Framework\TestLogger.h">
      <Filter>Framework</Filter>
    </ClInclude>
    <ClInclude Include="Source\PerformanceTest.h">
      <Filter>Source</Filter>
    </ClInclude>
    <ClInclude Include="..\Framework\Utilities\FileUtilities.h">
      <Filter>Framework\Utilities</Filter>
    </ClInclude>
  </ItemGroup>
</Project>