<?xml version="1.0" encoding="utf-8"?>
<Project ToolsVersion="4.0" xmlns="http://schemas.microsoft.com/developer/msbuild/2003">
  <ItemGroup>
    <ClCompile Include="Source\Main.cpp" />
    <ClCompile Include="Source\PrecompiledHeader.cpp" />
  </ItemGroup>
  <ItemGroup>
    <ClInclude Include="Source\PrecompiledHeader.h" />
    <ClInclude Include="Source\Resources\resource.h">
      <Filter>Resources</Filter>
    </ClInclude>
    <ClInclude Include="..\Common\NonCopyable.h">
      <Filter>Common</Filter>
    </ClInclude>
    <ClInclude Include="..\Common\HeapArray.h">
      <Filter>Common</Filter>
    </ClInclude>
    <ClInclude Include="..\Common\HandleHolder.h">
      <Filter>Common</Filter>
    </ClInclude>
    <ClInclude Include="..\Common\Event.h">
      <Filter>Common</Filter>
    </ClInclude>
    <ClInclude Include="..\Common\CriticalSection.h">
      <Filter>Common</Filter>
    </ClInclude>
    <ClInclude Include="..\Common\Version.rc">
      <Filter>Common</Filter>
    </ClInclude>
  </ItemGroup>
  <ItemGroup>
    <Filter Include="Resources">
      <UniqueIdentifier>{a09c3f84-8729-45f2-a850-e202ce05f425}</UniqueIdentifier>
    </Filter>
    <Filter Include="Common">
      <UniqueIdentifier>{342e748c-7100-49d0-be9d-85dcb02255c7}</UniqueIdentifier>
    </Filter>
  </ItemGroup>
  <ItemGroup>
    <Manifest Include="Source\Resources\FileSystemSearch.exe.manifest">
      <Filter>Resources</Filter>
    </Manifest>
  </ItemGroup>
  <ItemGroup>
    <ResourceCompile Include="Source\Resources\FileSystemSearch.rc">
      <Filter>Resources</Filter>
    </ResourceCompile>
  </ItemGroup>
</Project>