<?xml version="1.0" encoding="utf-8"?>
<Project ToolsVersion="4.0" xmlns="http://schemas.microsoft.com/developer/msbuild/2003">
  <ItemGroup>
    <ClCompile Include="Source\Utilities\FileUtilities.cpp">
      <Filter>Source\Utilities</Filter>
    </ClCompile>
    <ClCompile Include="Source\TestHelpers.cpp">
      <Filter>Source</Filter>
    </ClCompile>
    <ClCompile Include="Source\TestList.cpp">
      <Filter>Source</Filter>
    </ClCompile>
    <ClCompile Include="Source\TestLogger.cpp">
      <Filter>Source</Filter>
    </ClCompile>
  </ItemGroup>
  <ItemGroup>
    <ClInclude Include="Source\Utilities\CompileTimeString.h">
      <Filter>Source\Utilities</Filter>
    </ClInclude>
    <ClInclude Include="Source\Utilities\FileUtilities.h">
      <Filter>Source\Utilities</Filter>
    </ClInclude>
    <ClInclude Include="Source\TestHelpers.h">
      <Filter>Source</Filter>
    </ClInclude>
    <ClInclude Include="Source\TestList.h">
      <Filter>Source</Filter>
    </ClInclude>
    <ClInclude Include="Source\TestLogger.h">
      <Filter>Source</Filter>
    </ClInclude>
    <ClInclude Include="Source\TestMacros.h">
      <Filter>Source</Filter>
    </ClInclude>
  </ItemGroup>
  <ItemGroup>
    <Filter Include="Source">
      <UniqueIdentifier>{eff592d8-4bb1-4466-acca-62fcdacc0e70}</UniqueIdentifier>
    </Filter>
    <Filter Include="Source\Utilities">
      <UniqueIdentifier>{efefae1e-36df-41b6-9349-f28fe5fa4352}</UniqueIdentifier>
    </Filter>
  </ItemGroup>
</Project>